
Microsoft Visual Studio Solution File, Format Version 12.00
# Visual Studio Version 16
VisualStudioVersion = 16.0.30621.155
MinimumVisualStudioVersion = 10.0.40219.1
Project("{FAE04EC0-301F-11D3-BF4B-00C04F79EFBC}") = "Таск 23", "Таск 23\Таск 23.csproj", "{3DCC86AC-AF7F-482A-B94F-8C36CD3AA91A}"
EndProject
Global
	GlobalSection(SolutionConfigurationPlatforms) = preSolution
		Debug|Any CPU = Debug|Any CPU
		Release|Any CPU = Release|Any CPU
	EndGlobalSection
	GlobalSection(ProjectConfigurationPlatforms) = postSolution
		{3DCC86AC-AF7F-482A-B94F-8C36CD3AA91A}.Debug|Any CPU.ActiveCfg = Debug|Any CPU
		{3DCC86AC-AF7F-482A-B94F-8C36CD3AA91A}.Debug|Any CPU.Build.0 = Debug|Any CPU
		{3DCC86AC-AF7F-482A-B94F-8C36CD3AA91A}.Release|Any CPU.ActiveCfg = Release|Any CPU
		{3DCC86AC-AF7F-482A-B94F-8C36CD3AA91A}.Release|Any CPU.Build.0 = Release|Any CPU
	EndGlobalSection
	GlobalSection(SolutionProperties) = preSolution
		HideSolutionNode = FALSE
	EndGlobalSection
	GlobalSection(ExtensibilityGlobals) = postSolution
		SolutionGuid = {B6B64EB4-600B-42FA-96E0-82E7C2DDCF19}
	EndGlobalSection
EndGlobal
